{
  "name": "DemoApp",
  "lockfileVersion": 3,
  "requires": true,
  "packages": {
    "": {
      "dependencies": {
        "knock-knock-jokes": "^1.7.0",
        "require-stack": "^1.0.2"
      }
    },
    "node_modules/acorn": {
      "version": "7.4.1",
      "resolved": "https://registry.npmjs.org/acorn/-/acorn-7.4.1.tgz",
      "integrity": "sha512-nQyp0o1/mNdbTO1PO6kHkwSrmgZ0MT/jCCpNiwbUjGoRN4dlBhqJtoQuCnEOKzgTVwg0ZWiCoQy6SxMebQVh8A==",
      "bin": {
        "acorn": "bin/acorn"
      },
      "engines": {
        "node": ">=0.4.0"
      }
    },
    "node_modules/acorn-node": {
      "version": "1.8.2",
      "resolved": "https://registry.npmjs.org/acorn-node/-/acorn-node-1.8.2.tgz",
      "integrity": "sha512-8mt+fslDufLYntIoPAaIMUe/lrbrehIiwmR3t2k9LljIzoigEPF27eLk2hy8zSGzmR/ogr7zbRKINMo1u0yh5A==",
      "dependencies": {
        "acorn": "^7.0.0",
        "acorn-walk": "^7.0.0",
        "xtend": "^4.0.2"
      }
    },
    "node_modules/acorn-walk": {
      "version": "7.2.0",
      "resolved": "https://registry.npmjs.org/acorn-walk/-/acorn-walk-7.2.0.tgz",
      "integrity": "sha512-OPdCF6GsMIP+Az+aWfAAOEt2/+iVDKE7oy6lJ098aoe59oAmK76qV6Gw60SbZ8jHuG2wH058GF4pLFbYamYrVA==",
      "engines": {
        "node": ">=0.4.0"
      }
    },
    "node_modules/knock-knock-jokes": {
      "version": "1.7.0",
      "resolved": "https://registry.npmjs.org/knock-knock-jokes/-/knock-knock-jokes-1.7.0.tgz",
      "integrity": "sha512-qfC7Oi1QGr59sUtYMN85VceY91Ra78twCTst/SBM5dZEt8Cipjnz4QqsLwYSFWrPb1me2x3LtkAVaTP2ElaL+Q=="
    },
    "node_modules/require-stack": {
      "version": "1.0.2",
      "resolved": "https://registry.npmjs.org/require-stack/-/require-stack-1.0.2.tgz",
      "integrity": "sha512-a3Nx86n2BdNDGocv4hLWDQtWP0Ec4LFvfb/xQ6wfibAmT+7qm7QLgFNcBZ6Ukbqq0a+K4CjxAuhG9Btg8NSdbQ==",
      "dependencies": {
        "syntax-error": "^1.1.4"
      }
    },
    "node_modules/syntax-error": {
      "version": "1.4.0",
      "resolved": "https://registry.npmjs.org/syntax-error/-/syntax-error-1.4.0.tgz",
      "integrity": "sha512-YPPlu67mdnHGTup2A8ff7BC2Pjq0e0Yp/IyTFN03zWO0RcK07uLcbi7C2KpGR2FvWbaB0+bfE27a+sBKebSo7w==",
      "dependencies": {
        "acorn-node": "^1.2.0"
      }
    },
    "node_modules/xtend": {
      "version": "4.0.2",
      "resolved": "https://registry.npmjs.org/xtend/-/xtend-4.0.2.tgz",
      "integrity": "sha512-LKYU1iAXJXUgAXn9URjiu+MWhyUXHsvfp7mcuYm9dSUKK0/CjtrUwFAxD82/mCWbtLsGjFIad0wIsod4zrTAEQ==",
      "engines": {
        "node": ">=0.4"
      }
    }
  }
}
